
Microsoft Visual Studio Solution File, Format Version 12.00
# Visual Studio Version 16
VisualStudioVersion = 16.0.29403.142
MinimumVisualStudioVersion = 10.0.40219.1
Project("{FAE04EC0-301F-11D3-BF4B-00C04F79EFBC}") = "Jeu du 421", "Jeu du 421\Jeu du 421.csproj", "{60FEE233-56C1-4B93-BE11-5A60EEA187EA}"
EndProject
Global
	GlobalSection(SolutionConfigurationPlatforms) = preSolution
		Debug|Any CPU = Debug|Any CPU
		Release|Any CPU = Release|Any CPU
	EndGlobalSection
	GlobalSection(ProjectConfigurationPlatforms) = postSolution
		{60FEE233-56C1-4B93-BE11-5A60EEA187EA}.Debug|Any CPU.ActiveCfg = Debug|Any CPU
		{60FEE233-56C1-4B93-BE11-5A60EEA187EA}.Debug|Any CPU.Build.0 = Debug|Any CPU
		{60FEE233-56C1-4B93-BE11-5A60EEA187EA}.Release|Any CPU.ActiveCfg = Release|Any CPU
		{60FEE233-56C1-4B93-BE11-5A60EEA187EA}.Release|Any CPU.Build.0 = Release|Any CPU
	EndGlobalSection
	GlobalSection(SolutionProperties) = preSolution
		HideSolutionNode = FALSE
	EndGlobalSection
	GlobalSection(ExtensibilityGlobals) = postSolution
		SolutionGuid = {F308E134-9875-4027-871A-7CA7BD58B543}
	EndGlobalSection
EndGlobal
