
Microsoft Visual Studio Solution File, Format Version 12.00
# Visual Studio 15
VisualStudioVersion = 15.0.28010.2041
MinimumVisualStudioVersion = 10.0.40219.1
Project("{FAE04EC0-301F-11D3-BF4B-00C04F79EFBC}") = "TP entrainement -Calcul d'un cercle", "Calcul d'un cercle\TP entrainement -Calcul d'un cercle.csproj", "{40012C1B-1E8B-4E2B-94CD-953CEE44DF72}"
EndProject
Project("{FAE04EC0-301F-11D3-BF4B-00C04F79EFBC}") = "TP Perso Calcul inclinaison solaire", "Calcul inclinaison solaire\TP Perso Calcul inclinaison solaire.csproj", "{D7A2EF47-26DD-4DB9-B8CA-FF20017181DA}"
EndProject
Project("{FAE04EC0-301F-11D3-BF4B-00C04F79EFBC}") = "TP Afpa 1 Calcul aire cercle", "Calcul aire cercle\TP Afpa 1 Calcul aire cercle.csproj", "{32B4CE19-3FE4-4FF0-936E-7326A2675E1C}"
EndProject
Project("{FAE04EC0-301F-11D3-BF4B-00C04F79EFBC}") = "TP Algo 1 inversion nombre a et b", "inversion nombre a et b\TP Algo 1 inversion nombre a et b.csproj", "{F8ADDDCA-91BE-48F5-9B74-EC9937A62B95}"
EndProject
Project("{FAE04EC0-301F-11D3-BF4B-00C04F79EFBC}") = "TP Afpa 4 Exercice avion", "Exercice avion\TP Afpa 4 Exercice avion.csproj", "{DD83A5FA-B792-432A-8E9D-F317F385A31A}"
EndProject
Project("{FAE04EC0-301F-11D3-BF4B-00C04F79EFBC}") = "TP Afpa 5 compteur-caracteres", "compteur-caracteres\TP Afpa 5 compteur-caracteres.csproj", "{16F3F871-93DF-4ECF-B452-5FF8C41D944D}"
EndProject
Project("{FAE04EC0-301F-11D3-BF4B-00C04F79EFBC}") = "TP Afpa 6 - Gestion livraison", "Gestion livraison\TP Afpa 6 - Gestion livraison.csproj", "{C6B8CB2E-8D9E-4469-A557-067C01127BA9}"
EndProject
Project("{FAE04EC0-301F-11D3-BF4B-00C04F79EFBC}") = "TP Algo 2 Calcul aire triangle", "Calcul aire triangle\TP Algo 2 Calcul aire triangle.csproj", "{0F87C2E7-8ED8-475D-B21A-60D9329C27E4}"
EndProject
Project("{FAE04EC0-301F-11D3-BF4B-00C04F79EFBC}") = "TP Afpa Calcul Moyenne 2nbrs", "Calcul Moyenne 2nbrs\TP Afpa Calcul Moyenne 2nbrs.csproj", "{4F670AFE-6DD6-4CEB-905A-E650FF8BAABB}"
EndProject
Project("{FAE04EC0-301F-11D3-BF4B-00C04F79EFBC}") = "TP Algo 4 Année bissextile", "Année bissextile\TP Algo 4 Année bissextile.csproj", "{7A112CFB-AB62-4F9C-BF7C-0952D73383F6}"
EndProject
Project("{FAE04EC0-301F-11D3-BF4B-00C04F79EFBC}") = "TP Algo 5 calcul jour", "calcul jour\TP Algo 5 calcul jour.csproj", "{5C80D43C-5039-4B75-B422-CD06B7D246DE}"
EndProject
Project("{FAE04EC0-301F-11D3-BF4B-00C04F79EFBC}") = "TP Algo 6 inverseur characteres", "inverseur characteres\TP Algo 6 inverseur characteres.csproj", "{69598A0B-1154-4C80-B091-5E5EE21097CC}"
EndProject
Project("{FAE04EC0-301F-11D3-BF4B-00C04F79EFBC}") = "TP Afpa 3 Tableau conv C-F", "Tableau conv C-F fonction\TP Afpa 3 Tableau conv C-F.csproj", "{106A732E-62DC-4DC4-B185-CD3FD749C6D7}"
EndProject
Project("{FAE04EC0-301F-11D3-BF4B-00C04F79EFBC}") = "TP Perso Calcul heures", "Calcul heures\TP Perso Calcul heures.csproj", "{966A9599-C05D-4D14-AE2E-5F4BB38073F7}"
EndProject
Global
	GlobalSection(SolutionConfigurationPlatforms) = preSolution
		Debug|Any CPU = Debug|Any CPU
		Release|Any CPU = Release|Any CPU
	EndGlobalSection
	GlobalSection(ProjectConfigurationPlatforms) = postSolution
		{40012C1B-1E8B-4E2B-94CD-953CEE44DF72}.Debug|Any CPU.ActiveCfg = Debug|Any CPU
		{40012C1B-1E8B-4E2B-94CD-953CEE44DF72}.Debug|Any CPU.Build.0 = Debug|Any CPU
		{40012C1B-1E8B-4E2B-94CD-953CEE44DF72}.Release|Any CPU.ActiveCfg = Release|Any CPU
		{40012C1B-1E8B-4E2B-94CD-953CEE44DF72}.Release|Any CPU.Build.0 = Release|Any CPU
		{D7A2EF47-26DD-4DB9-B8CA-FF20017181DA}.Debug|Any CPU.ActiveCfg = Debug|Any CPU
		{D7A2EF47-26DD-4DB9-B8CA-FF20017181DA}.Debug|Any CPU.Build.0 = Debug|Any CPU
		{D7A2EF47-26DD-4DB9-B8CA-FF20017181DA}.Release|Any CPU.ActiveCfg = Release|Any CPU
		{D7A2EF47-26DD-4DB9-B8CA-FF20017181DA}.Release|Any CPU.Build.0 = Release|Any CPU
		{32B4CE19-3FE4-4FF0-936E-7326A2675E1C}.Debug|Any CPU.ActiveCfg = Debug|Any CPU
		{32B4CE19-3FE4-4FF0-936E-7326A2675E1C}.Debug|Any CPU.Build.0 = Debug|Any CPU
		{32B4CE19-3FE4-4FF0-936E-7326A2675E1C}.Release|Any CPU.ActiveCfg = Release|Any CPU
		{32B4CE19-3FE4-4FF0-936E-7326A2675E1C}.Release|Any CPU.Build.0 = Release|Any CPU
		{F8ADDDCA-91BE-48F5-9B74-EC9937A62B95}.Debug|Any CPU.ActiveCfg = Debug|Any CPU
		{F8ADDDCA-91BE-48F5-9B74-EC9937A62B95}.Debug|Any CPU.Build.0 = Debug|Any CPU
		{F8ADDDCA-91BE-48F5-9B74-EC9937A62B95}.Release|Any CPU.ActiveCfg = Release|Any CPU
		{F8ADDDCA-91BE-48F5-9B74-EC9937A62B95}.Release|Any CPU.Build.0 = Release|Any CPU
		{DD83A5FA-B792-432A-8E9D-F317F385A31A}.Debug|Any CPU.ActiveCfg = Debug|Any CPU
		{DD83A5FA-B792-432A-8E9D-F317F385A31A}.Debug|Any CPU.Build.0 = Debug|Any CPU
		{DD83A5FA-B792-432A-8E9D-F317F385A31A}.Release|Any CPU.ActiveCfg = Release|Any CPU
		{DD83A5FA-B792-432A-8E9D-F317F385A31A}.Release|Any CPU.Build.0 = Release|Any CPU
		{16F3F871-93DF-4ECF-B452-5FF8C41D944D}.Debug|Any CPU.ActiveCfg = Debug|Any CPU
		{16F3F871-93DF-4ECF-B452-5FF8C41D944D}.Debug|Any CPU.Build.0 = Debug|Any CPU
		{16F3F871-93DF-4ECF-B452-5FF8C41D944D}.Release|Any CPU.ActiveCfg = Release|Any CPU
		{16F3F871-93DF-4ECF-B452-5FF8C41D944D}.Release|Any CPU.Build.0 = Release|Any CPU
		{C6B8CB2E-8D9E-4469-A557-067C01127BA9}.Debug|Any CPU.ActiveCfg = Debug|Any CPU
		{C6B8CB2E-8D9E-4469-A557-067C01127BA9}.Debug|Any CPU.Build.0 = Debug|Any CPU
		{C6B8CB2E-8D9E-4469-A557-067C01127BA9}.Release|Any CPU.ActiveCfg = Release|Any CPU
		{C6B8CB2E-8D9E-4469-A557-067C01127BA9}.Release|Any CPU.Build.0 = Release|Any CPU
		{0F87C2E7-8ED8-475D-B21A-60D9329C27E4}.Debug|Any CPU.ActiveCfg = Debug|Any CPU
		{0F87C2E7-8ED8-475D-B21A-60D9329C27E4}.Debug|Any CPU.Build.0 = Debug|Any CPU
		{0F87C2E7-8ED8-475D-B21A-60D9329C27E4}.Release|Any CPU.ActiveCfg = Release|Any CPU
		{0F87C2E7-8ED8-475D-B21A-60D9329C27E4}.Release|Any CPU.Build.0 = Release|Any CPU
		{4F670AFE-6DD6-4CEB-905A-E650FF8BAABB}.Debug|Any CPU.ActiveCfg = Debug|Any CPU
		{4F670AFE-6DD6-4CEB-905A-E650FF8BAABB}.Debug|Any CPU.Build.0 = Debug|Any CPU
		{4F670AFE-6DD6-4CEB-905A-E650FF8BAABB}.Release|Any CPU.ActiveCfg = Release|Any CPU
		{4F670AFE-6DD6-4CEB-905A-E650FF8BAABB}.Release|Any CPU.Build.0 = Release|Any CPU
		{7A112CFB-AB62-4F9C-BF7C-0952D73383F6}.Debug|Any CPU.ActiveCfg = Debug|Any CPU
		{7A112CFB-AB62-4F9C-BF7C-0952D73383F6}.Debug|Any CPU.Build.0 = Debug|Any CPU
		{7A112CFB-AB62-4F9C-BF7C-0952D73383F6}.Release|Any CPU.ActiveCfg = Release|Any CPU
		{7A112CFB-AB62-4F9C-BF7C-0952D73383F6}.Release|Any CPU.Build.0 = Release|Any CPU
		{5C80D43C-5039-4B75-B422-CD06B7D246DE}.Debug|Any CPU.ActiveCfg = Debug|Any CPU
		{5C80D43C-5039-4B75-B422-CD06B7D246DE}.Debug|Any CPU.Build.0 = Debug|Any CPU
		{5C80D43C-5039-4B75-B422-CD06B7D246DE}.Release|Any CPU.ActiveCfg = Release|Any CPU
		{5C80D43C-5039-4B75-B422-CD06B7D246DE}.Release|Any CPU.Build.0 = Release|Any CPU
		{69598A0B-1154-4C80-B091-5E5EE21097CC}.Debug|Any CPU.ActiveCfg = Debug|Any CPU
		{69598A0B-1154-4C80-B091-5E5EE21097CC}.Debug|Any CPU.Build.0 = Debug|Any CPU
		{69598A0B-1154-4C80-B091-5E5EE21097CC}.Release|Any CPU.ActiveCfg = Release|Any CPU
		{69598A0B-1154-4C80-B091-5E5EE21097CC}.Release|Any CPU.Build.0 = Release|Any CPU
		{106A732E-62DC-4DC4-B185-CD3FD749C6D7}.Debug|Any CPU.ActiveCfg = Debug|Any CPU
		{106A732E-62DC-4DC4-B185-CD3FD749C6D7}.Debug|Any CPU.Build.0 = Debug|Any CPU
		{106A732E-62DC-4DC4-B185-CD3FD749C6D7}.Release|Any CPU.ActiveCfg = Release|Any CPU
		{106A732E-62DC-4DC4-B185-CD3FD749C6D7}.Release|Any CPU.Build.0 = Release|Any CPU
		{966A9599-C05D-4D14-AE2E-5F4BB38073F7}.Debug|Any CPU.ActiveCfg = Debug|Any CPU
		{966A9599-C05D-4D14-AE2E-5F4BB38073F7}.Debug|Any CPU.Build.0 = Debug|Any CPU
		{966A9599-C05D-4D14-AE2E-5F4BB38073F7}.Release|Any CPU.ActiveCfg = Release|Any CPU
		{966A9599-C05D-4D14-AE2E-5F4BB38073F7}.Release|Any CPU.Build.0 = Release|Any CPU
	EndGlobalSection
	GlobalSection(SolutionProperties) = preSolution
		HideSolutionNode = FALSE
	EndGlobalSection
	GlobalSection(ExtensibilityGlobals) = postSolution
		SolutionGuid = {E4DD244C-0830-471E-BB68-97C02C954E5D}
	EndGlobalSection
EndGlobal
